
Microsoft Visual Studio Solution File, Format Version 12.00
Project("{FAE04EC0-301F-11D3-BF4B-00C04F79EFBC}") = "Unit1", "Unit1\Unit1.csproj", "{701DBA4F-831A-41D7-9DD5-080D359C837B}"
EndProject
Project("{FAE04EC0-301F-11D3-BF4B-00C04F79EFBC}") = "Unit2", "Unit2\Unit2.csproj", "{3745884E-FC0F-4EB4-BBAD-2E14A14C055D}"
EndProject
Global
	GlobalSection(SolutionConfigurationPlatforms) = preSolution
		Debug|Any CPU = Debug|Any CPU
		Release|Any CPU = Release|Any CPU
	EndGlobalSection
	GlobalSection(ProjectConfigurationPlatforms) = postSolution
		{701DBA4F-831A-41D7-9DD5-080D359C837B}.Debug|Any CPU.ActiveCfg = Debug|Any CPU
		{701DBA4F-831A-41D7-9DD5-080D359C837B}.Debug|Any CPU.Build.0 = Debug|Any CPU
		{701DBA4F-831A-41D7-9DD5-080D359C837B}.Release|Any CPU.ActiveCfg = Release|Any CPU
		{701DBA4F-831A-41D7-9DD5-080D359C837B}.Release|Any CPU.Build.0 = Release|Any CPU
		{3745884E-FC0F-4EB4-BBAD-2E14A14C055D}.Debug|Any CPU.ActiveCfg = Debug|Any CPU
		{3745884E-FC0F-4EB4-BBAD-2E14A14C055D}.Debug|Any CPU.Build.0 = Debug|Any CPU
		{3745884E-FC0F-4EB4-BBAD-2E14A14C055D}.Release|Any CPU.ActiveCfg = Release|Any CPU
		{3745884E-FC0F-4EB4-BBAD-2E14A14C055D}.Release|Any CPU.Build.0 = Release|Any CPU
	EndGlobalSection
EndGlobal
